
Microsoft Visual Studio Solution File, Format Version 12.00
# Visual Studio 2013
VisualStudioVersion = 12.0.21005.1
MinimumVisualStudioVersion = 10.0.40219.1
Project("{FAE04EC0-301F-11D3-BF4B-00C04F79EFBC}") = "DBClient", "DBClient\DBClient.csproj", "{6425DAFC-A8FA-4DDC-80E1-23CAD4980F33}"
EndProject
Project("{FAE04EC0-301F-11D3-BF4B-00C04F79EFBC}") = "DBServer", "DBServer\DBServer.csproj", "{2A15AD94-2DB4-44F4-80C5-D6E4EFBADC05}"
EndProject
Global
	GlobalSection(SolutionConfigurationPlatforms) = preSolution
		Debug|Any CPU = Debug|Any CPU
		Release|Any CPU = Release|Any CPU
	EndGlobalSection
	GlobalSection(ProjectConfigurationPlatforms) = postSolution
		{6425DAFC-A8FA-4DDC-80E1-23CAD4980F33}.Debug|Any CPU.ActiveCfg = Debug|Any CPU
		{6425DAFC-A8FA-4DDC-80E1-23CAD4980F33}.Debug|Any CPU.Build.0 = Debug|Any CPU
		{6425DAFC-A8FA-4DDC-80E1-23CAD4980F33}.Release|Any CPU.ActiveCfg = Release|Any CPU
		{6425DAFC-A8FA-4DDC-80E1-23CAD4980F33}.Release|Any CPU.Build.0 = Release|Any CPU
		{2A15AD94-2DB4-44F4-80C5-D6E4EFBADC05}.Debug|Any CPU.ActiveCfg = Debug|Any CPU
		{2A15AD94-2DB4-44F4-80C5-D6E4EFBADC05}.Debug|Any CPU.Build.0 = Debug|Any CPU
		{2A15AD94-2DB4-44F4-80C5-D6E4EFBADC05}.Release|Any CPU.ActiveCfg = Release|Any CPU
		{2A15AD94-2DB4-44F4-80C5-D6E4EFBADC05}.Release|Any CPU.Build.0 = Release|Any CPU
	EndGlobalSection
	GlobalSection(SolutionProperties) = preSolution
		HideSolutionNode = FALSE
	EndGlobalSection
EndGlobal
